
Microsoft Visual Studio Solution File, Format Version 12.00
# Visual Studio Version 17
VisualStudioVersion = 17.14.37328.6
MinimumVisualStudioVersion = 10.0.40219.1
Project("{2150E333-8FDC-42A3-9474-1A3956D46DE8}") = "Source", "Source", "{B8EFCA5F-814F-285C-A8CB-F00F14650265}"
EndProject
Project("{2150E333-8FDC-42A3-9474-1A3956D46DE8}") = "Core", "Core", "{55418A49-9090-CAE5-2336-DB6E3B14E6F9}"
EndProject
Project("{FAE04EC0-301F-11D3-BF4B-00C04F79EFBC}") = "eVote360.Core.Application", "Source\Core\eVote360.Core.Application\eVote360.Core.Application.csproj", "{1DB4BEA7-4AB5-5AA9-1908-526992683879}"
EndProject
Project("{FAE04EC0-301F-11D3-BF4B-00C04F79EFBC}") = "eVote360.Core.Domain", "Source\Core\eVote360.Core.Domain\eVote360.Core.Domain.csproj", "{F3B8D601-3024-5CBA-00CF-E03063A6D263}"
EndProject
Project("{2150E333-8FDC-42A3-9474-1A3956D46DE8}") = "Presentation", "Presentation", "{4099C67F-8F07-C005-922D-FD49B02B3456}"
EndProject
Project("{FAE04EC0-301F-11D3-BF4B-00C04F79EFBC}") = "eVote360.Infraestructure.Persistence", "Source\Infraestructure\eVote360.Infraestructure.Persistence\eVote360.Infraestructure.Persistence.csproj", "{5C055306-B3D6-4B5B-89AD-A1AB2FB743AC}"
EndProject
Project("{2150E333-8FDC-42A3-9474-1A3956D46DE8}") = "Infraestructure", "Infraestructure", "{EC89DF73-D3B8-46A6-A01B-70D499CACCED}"
EndProject
Project("{FAE04EC0-301F-11D3-BF4B-00C04F79EFBC}") = "eVote360.Presentation.EVote360", "Source\Presentation\eVote360.Presentation.EVote360\eVote360.Presentation.EVote360.csproj", "{4574D689-0742-4E1E-AB9F-F97D39341965}"
EndProject
Project("{2150E333-8FDC-42A3-9474-1A3956D46DE8}") = "IOC", "IOC", "{02EA681E-C7D8-13C7-8484-4AC65E1B71E8}"
EndProject
Project("{FAE04EC0-301F-11D3-BF4B-00C04F79EFBC}") = "eVote360.IOC", "Source\eVote360.IOC\eVote360.IOC.csproj", "{A18EDCE5-C30F-45ED-95BE-ACAADAE4FC43}"
EndProject
Project("{2150E333-8FDC-42A3-9474-1A3956D46DE8}") = "Persistence", "Persistence", "{B3975AC2-4B42-477A-B483-08C3A03C7168}"
EndProject
Project("{2150E333-8FDC-42A3-9474-1A3956D46DE8}") = "App", "App", "{D387847E-C9DE-4924-88C9-E0D69A666B28}"
EndProject
Project("{2150E333-8FDC-42A3-9474-1A3956D46DE8}") = "Shared", "Shared", "{E0A54EBE-71A4-4A2B-B793-A9D27195057C}"
EndProject
Project("{FAE04EC0-301F-11D3-BF4B-00C04F79EFBC}") = "eVote360.Infraestructure.Shared", "eVote360.Infraestructure.Shared\eVote360.Infraestructure.Shared.csproj", "{65B29594-59A5-451C-85BD-1D442FCC904B}"
EndProject
Global
	GlobalSection(SolutionConfigurationPlatforms) = preSolution
		Debug|Any CPU = Debug|Any CPU
		Release|Any CPU = Release|Any CPU
	EndGlobalSection
	GlobalSection(ProjectConfigurationPlatforms) = postSolution
		{1DB4BEA7-4AB5-5AA9-1908-526992683879}.Debug|Any CPU.ActiveCfg = Debug|Any CPU
		{1DB4BEA7-4AB5-5AA9-1908-526992683879}.Debug|Any CPU.Build.0 = Debug|Any CPU
		{1DB4BEA7-4AB5-5AA9-1908-526992683879}.Release|Any CPU.ActiveCfg = Release|Any CPU
		{1DB4BEA7-4AB5-5AA9-1908-526992683879}.Release|Any CPU.Build.0 = Release|Any CPU
		{F3B8D601-3024-5CBA-00CF-E03063A6D263}.Debug|Any CPU.ActiveCfg = Debug|Any CPU
		{F3B8D601-3024-5CBA-00CF-E03063A6D263}.Debug|Any CPU.Build.0 = Debug|Any CPU
		{F3B8D601-3024-5CBA-00CF-E03063A6D263}.Release|Any CPU.ActiveCfg = Release|Any CPU
		{F3B8D601-3024-5CBA-00CF-E03063A6D263}.Release|Any CPU.Build.0 = Release|Any CPU
		{5C055306-B3D6-4B5B-89AD-A1AB2FB743AC}.Debug|Any CPU.ActiveCfg = Debug|Any CPU
		{5C055306-B3D6-4B5B-89AD-A1AB2FB743AC}.Debug|Any CPU.Build.0 = Debug|Any CPU
		{5C055306-B3D6-4B5B-89AD-A1AB2FB743AC}.Release|Any CPU.ActiveCfg = Release|Any CPU
		{5C055306-B3D6-4B5B-89AD-A1AB2FB743AC}.Release|Any CPU.Build.0 = Release|Any CPU
		{4574D689-0742-4E1E-AB9F-F97D39341965}.Debug|Any CPU.ActiveCfg = Debug|Any CPU
		{4574D689-0742-4E1E-AB9F-F97D39341965}.Debug|Any CPU.Build.0 = Debug|Any CPU
		{4574D689-0742-4E1E-AB9F-F97D39341965}.Release|Any CPU.ActiveCfg = Release|Any CPU
		{4574D689-0742-4E1E-AB9F-F97D39341965}.Release|Any CPU.Build.0 = Release|Any CPU
		{A18EDCE5-C30F-45ED-95BE-ACAADAE4FC43}.Debug|Any CPU.ActiveCfg = Debug|Any CPU
		{A18EDCE5-C30F-45ED-95BE-ACAADAE4FC43}.Debug|Any CPU.Build.0 = Debug|Any CPU
		{A18EDCE5-C30F-45ED-95BE-ACAADAE4FC43}.Release|Any CPU.ActiveCfg = Release|Any CPU
		{A18EDCE5-C30F-45ED-95BE-ACAADAE4FC43}.Release|Any CPU.Build.0 = Release|Any CPU
		{65B29594-59A5-451C-85BD-1D442FCC904B}.Debug|Any CPU.ActiveCfg = Debug|Any CPU
		{65B29594-59A5-451C-85BD-1D442FCC904B}.Debug|Any CPU.Build.0 = Debug|Any CPU
		{65B29594-59A5-451C-85BD-1D442FCC904B}.Release|Any CPU.ActiveCfg = Release|Any CPU
		{65B29594-59A5-451C-85BD-1D442FCC904B}.Release|Any CPU.Build.0 = Release|Any CPU
	EndGlobalSection
	GlobalSection(SolutionProperties) = preSolution
		HideSolutionNode = FALSE
	EndGlobalSection
	GlobalSection(NestedProjects) = preSolution
		{55418A49-9090-CAE5-2336-DB6E3B14E6F9} = {B8EFCA5F-814F-285C-A8CB-F00F14650265}
		{1DB4BEA7-4AB5-5AA9-1908-526992683879} = {55418A49-9090-CAE5-2336-DB6E3B14E6F9}
		{F3B8D601-3024-5CBA-00CF-E03063A6D263} = {55418A49-9090-CAE5-2336-DB6E3B14E6F9}
		{4099C67F-8F07-C005-922D-FD49B02B3456} = {B8EFCA5F-814F-285C-A8CB-F00F14650265}
		{5C055306-B3D6-4B5B-89AD-A1AB2FB743AC} = {B3975AC2-4B42-477A-B483-08C3A03C7168}
		{EC89DF73-D3B8-46A6-A01B-70D499CACCED} = {B8EFCA5F-814F-285C-A8CB-F00F14650265}
		{4574D689-0742-4E1E-AB9F-F97D39341965} = {D387847E-C9DE-4924-88C9-E0D69A666B28}
		{02EA681E-C7D8-13C7-8484-4AC65E1B71E8} = {B8EFCA5F-814F-285C-A8CB-F00F14650265}
		{A18EDCE5-C30F-45ED-95BE-ACAADAE4FC43} = {02EA681E-C7D8-13C7-8484-4AC65E1B71E8}
		{B3975AC2-4B42-477A-B483-08C3A03C7168} = {EC89DF73-D3B8-46A6-A01B-70D499CACCED}
		{D387847E-C9DE-4924-88C9-E0D69A666B28} = {4099C67F-8F07-C005-922D-FD49B02B3456}
		{E0A54EBE-71A4-4A2B-B793-A9D27195057C} = {EC89DF73-D3B8-46A6-A01B-70D499CACCED}
		{65B29594-59A5-451C-85BD-1D442FCC904B} = {E0A54EBE-71A4-4A2B-B793-A9D27195057C}
	EndGlobalSection
	GlobalSection(ExtensibilityGlobals) = postSolution
		SolutionGuid = {7BF582FA-FFF7-4496-8B67-E82063E84120}
	EndGlobalSection
EndGlobal
