
Microsoft Visual Studio Solution File, Format Version 12.00
# Visual Studio Version 18
VisualStudioVersion = 18.6.11819.183
MinimumVisualStudioVersion = 10.0.40219.1
Project("{2150E333-8FDC-42A3-9474-1A3956D46DE8}") = "Source", "Source", "{B8EFCA5F-814F-285C-A8CB-F00F14650265}"
EndProject
Project("{2150E333-8FDC-42A3-9474-1A3956D46DE8}") = "Core", "Core", "{55418A49-9090-CAE5-2336-DB6E3B14E6F9}"
EndProject
Project("{FAE04EC0-301F-11D3-BF4B-00C04F79EFBC}") = "eVote360.Core.Application", "Source\Core\eVote360.Core.Application\eVote360.Core.Application.csproj", "{1DB4BEA7-4AB5-5AA9-1908-526992683879}"
EndProject
Project("{FAE04EC0-301F-11D3-BF4B-00C04F79EFBC}") = "eVote360.Core.Domain", "Source\Core\eVote360.Core.Domain\eVote360.Core.Domain.csproj", "{F3B8D601-3024-5CBA-00CF-E03063A6D263}"
EndProject
Project("{2150E333-8FDC-42A3-9474-1A3956D46DE8}") = "Infraestructure", "Infraestructure", "{527892A7-4D8C-C80F-93A5-2335A5FD6A40}"
EndProject
Project("{FAE04EC0-301F-11D3-BF4B-00C04F79EFBC}") = "eVote360.Infraestructure.Persistence", "Source\Infraestructure\eVote360.Infraestructure.Persistence\eVote360.Infraestructure.Persistence.csproj", "{B3ED1C9A-2049-E972-C9BD-556F4ABBE4FA}"
EndProject
Project("{2150E333-8FDC-42A3-9474-1A3956D46DE8}") = "Presentation", "Presentation", "{4099C67F-8F07-C005-922D-FD49B02B3456}"
EndProject
Project("{FAE04EC0-301F-11D3-BF4B-00C04F79EFBC}") = "eVote360.Presentation.EVote360", "Source\Presentation\eVote360.Presentation.EVote360\eVote360.Presentation.EVote360.csproj", "{79DB83EB-9D17-E3B5-41F7-D680213414BE}"
EndProject
Project("{2150E333-8FDC-42A3-9474-1A3956D46DE8}") = "Shared", "Shared", "{2C8C2E8C-B291-FDA6-14A6-E840CFABD371}"
EndProject
Global
	GlobalSection(SolutionConfigurationPlatforms) = preSolution
		Debug|Any CPU = Debug|Any CPU
		Release|Any CPU = Release|Any CPU
	EndGlobalSection
	GlobalSection(ProjectConfigurationPlatforms) = postSolution
		{1DB4BEA7-4AB5-5AA9-1908-526992683879}.Debug|Any CPU.ActiveCfg = Debug|Any CPU
		{1DB4BEA7-4AB5-5AA9-1908-526992683879}.Debug|Any CPU.Build.0 = Debug|Any CPU
		{1DB4BEA7-4AB5-5AA9-1908-526992683879}.Release|Any CPU.ActiveCfg = Release|Any CPU
		{1DB4BEA7-4AB5-5AA9-1908-526992683879}.Release|Any CPU.Build.0 = Release|Any CPU
		{F3B8D601-3024-5CBA-00CF-E03063A6D263}.Debug|Any CPU.ActiveCfg = Debug|Any CPU
		{F3B8D601-3024-5CBA-00CF-E03063A6D263}.Debug|Any CPU.Build.0 = Debug|Any CPU
		{F3B8D601-3024-5CBA-00CF-E03063A6D263}.Release|Any CPU.ActiveCfg = Release|Any CPU
		{F3B8D601-3024-5CBA-00CF-E03063A6D263}.Release|Any CPU.Build.0 = Release|Any CPU
		{B3ED1C9A-2049-E972-C9BD-556F4ABBE4FA}.Debug|Any CPU.ActiveCfg = Debug|Any CPU
		{B3ED1C9A-2049-E972-C9BD-556F4ABBE4FA}.Debug|Any CPU.Build.0 = Debug|Any CPU
		{B3ED1C9A-2049-E972-C9BD-556F4ABBE4FA}.Release|Any CPU.ActiveCfg = Release|Any CPU
		{B3ED1C9A-2049-E972-C9BD-556F4ABBE4FA}.Release|Any CPU.Build.0 = Release|Any CPU
		{79DB83EB-9D17-E3B5-41F7-D680213414BE}.Debug|Any CPU.ActiveCfg = Debug|Any CPU
		{79DB83EB-9D17-E3B5-41F7-D680213414BE}.Debug|Any CPU.Build.0 = Debug|Any CPU
		{79DB83EB-9D17-E3B5-41F7-D680213414BE}.Release|Any CPU.ActiveCfg = Release|Any CPU
		{79DB83EB-9D17-E3B5-41F7-D680213414BE}.Release|Any CPU.Build.0 = Release|Any CPU
	EndGlobalSection
	GlobalSection(SolutionProperties) = preSolution
		HideSolutionNode = FALSE
	EndGlobalSection
	GlobalSection(NestedProjects) = preSolution
		{55418A49-9090-CAE5-2336-DB6E3B14E6F9} = {B8EFCA5F-814F-285C-A8CB-F00F14650265}
		{1DB4BEA7-4AB5-5AA9-1908-526992683879} = {55418A49-9090-CAE5-2336-DB6E3B14E6F9}
		{F3B8D601-3024-5CBA-00CF-E03063A6D263} = {55418A49-9090-CAE5-2336-DB6E3B14E6F9}
		{527892A7-4D8C-C80F-93A5-2335A5FD6A40} = {B8EFCA5F-814F-285C-A8CB-F00F14650265}
		{B3ED1C9A-2049-E972-C9BD-556F4ABBE4FA} = {527892A7-4D8C-C80F-93A5-2335A5FD6A40}
		{4099C67F-8F07-C005-922D-FD49B02B3456} = {B8EFCA5F-814F-285C-A8CB-F00F14650265}
		{79DB83EB-9D17-E3B5-41F7-D680213414BE} = {4099C67F-8F07-C005-922D-FD49B02B3456}
		{2C8C2E8C-B291-FDA6-14A6-E840CFABD371} = {527892A7-4D8C-C80F-93A5-2335A5FD6A40}
	EndGlobalSection
	GlobalSection(ExtensibilityGlobals) = postSolution
		SolutionGuid = {7BF582FA-FFF7-4496-8B67-E82063E84120}
	EndGlobalSection
EndGlobal
